
Microsoft Visual Studio Solution File, Format Version 12.00
# Visual Studio Version 17
VisualStudioVersion = 17.4.33213.308
MinimumVisualStudioVersion = 10.0.40219.1
Project("{2150E333-8FDC-42A3-9474-1A3956D46DE8}") = "Presentation", "Presentation", "{32DF4157-BB16-473B-9DA7-3DFC4A4F0E3A}"
EndProject
Project("{9A19103F-16F7-4668-BE54-9A1E7A4F7556}") = "TalentManagementAPI.WebApi", "TalentManagementAPI\TalentManagementAPI.WebApi\TalentManagementAPI.WebApi.csproj", "{8CFCABBC-D131-4E64-B350-E3C4404867AE}"
EndProject
Project("{2150E333-8FDC-42A3-9474-1A3956D46DE8}") = "Core", "Core", "{F72F8AE0-1E03-4458-9879-4A29DD91EC43}"
EndProject
Project("{9A19103F-16F7-4668-BE54-9A1E7A4F7556}") = "TalentManagementAPI.Application", "TalentManagementAPI\TalentManagementAPI.Application\TalentManagementAPI.Application.csproj", "{2CF985B4-5D94-4405-B946-24E45E0B79DF}"
EndProject
Project("{9A19103F-16F7-4668-BE54-9A1E7A4F7556}") = "TalentManagementAPI.Domain", "TalentManagementAPI\TalentManagementAPI.Domain\TalentManagementAPI.Domain.csproj", "{C2423C4F-1BEF-411C-BCDF-370AE4777CE9}"
EndProject
Project("{2150E333-8FDC-42A3-9474-1A3956D46DE8}") = "Infrastructure", "Infrastructure", "{8D90AA1A-231B-4A30-ABEF-C1D031A7F5A5}"
EndProject
Project("{9A19103F-16F7-4668-BE54-9A1E7A4F7556}") = "TalentManagementAPI.Infrastructure.Persistence", "TalentManagementAPI\TalentManagementAPI.Infrastructure.Persistence\TalentManagementAPI.Infrastructure.Persistence.csproj", "{564EE677-77BA-4921-89B2-F873FAC22C93}"
EndProject
Project("{9A19103F-16F7-4668-BE54-9A1E7A4F7556}") = "TalentManagementAPI.Infrastructure.Shared", "TalentManagementAPI\TalentManagementAPI.Infrastructure.Shared\TalentManagementAPI.Infrastructure.Shared.csproj", "{1B33FC9E-17D9-4104-AEEC-A402D6D5874C}"
EndProject
Project("{2150E333-8FDC-42A3-9474-1A3956D46DE8}") = "Solution Items", "Solution Items", "{EDB3A0B7-420B-4781-801A-1A06998A0ADB}"
	ProjectSection(SolutionItems) = preProject
		README.md = README.md
	EndProjectSection
EndProject
Project("{9A19103F-16F7-4668-BE54-9A1E7A4F7556}") = "TalentManagementAPI.Application.Tests", "TalentManagementAPI\TalentManagementAPI.Application.Tests\TalentManagementAPI.Application.Tests.csproj", "{81DF0A2B-5051-4D55-92F8-A3FD34B9B13B}"
EndProject
Project("{9A19103F-16F7-4668-BE54-9A1E7A4F7556}") = "TalentManagementAPI.WebApi.Tests", "TalentManagementAPI\TalentManagementAPI.WebApi.Tests\TalentManagementAPI.WebApi.Tests.csproj", "{84383742-614E-4C5B-8E21-7B8531C570D1}"
EndProject
Project("{9A19103F-16F7-4668-BE54-9A1E7A4F7556}") = "TalentManagementAPI.Domain.Tests", "TalentManagementAPI\TalentManagementAPI.Domain.Tests\TalentManagementAPI.Domain.Tests.csproj", "{541A2F75-FBBA-41B1-9617-4DFA4BBC79A5}"
EndProject
Project("{9A19103F-16F7-4668-BE54-9A1E7A4F7556}") = "TalentManagementAPI.Infrastructure.Shared.Tests", "TalentManagementAPI\TalentManagementAPI.Infrastructure.Shared.Tests\TalentManagementAPI.Infrastructure.Shared.Tests.csproj", "{A230040B-BA54-432F-A6B0-EC729CD82AD0}"
EndProject
Global
	GlobalSection(SolutionConfigurationPlatforms) = preSolution
		Debug|Any CPU = Debug|Any CPU
		Release|Any CPU = Release|Any CPU
	EndGlobalSection
	GlobalSection(ProjectConfigurationPlatforms) = postSolution
		{8CFCABBC-D131-4E64-B350-E3C4404867AE}.Debug|Any CPU.ActiveCfg = Debug|Any CPU
		{8CFCABBC-D131-4E64-B350-E3C4404867AE}.Debug|Any CPU.Build.0 = Debug|Any CPU
		{8CFCABBC-D131-4E64-B350-E3C4404867AE}.Release|Any CPU.ActiveCfg = Release|Any CPU
		{8CFCABBC-D131-4E64-B350-E3C4404867AE}.Release|Any CPU.Build.0 = Release|Any CPU
		{2CF985B4-5D94-4405-B946-24E45E0B79DF}.Debug|Any CPU.ActiveCfg = Debug|Any CPU
		{2CF985B4-5D94-4405-B946-24E45E0B79DF}.Debug|Any CPU.Build.0 = Debug|Any CPU
		{2CF985B4-5D94-4405-B946-24E45E0B79DF}.Release|Any CPU.ActiveCfg = Release|Any CPU
		{2CF985B4-5D94-4405-B946-24E45E0B79DF}.Release|Any CPU.Build.0 = Release|Any CPU
		{C2423C4F-1BEF-411C-BCDF-370AE4777CE9}.Debug|Any CPU.ActiveCfg = Debug|Any CPU
		{C2423C4F-1BEF-411C-BCDF-370AE4777CE9}.Debug|Any CPU.Build.0 = Debug|Any CPU
		{C2423C4F-1BEF-411C-BCDF-370AE4777CE9}.Release|Any CPU.ActiveCfg = Release|Any CPU
		{C2423C4F-1BEF-411C-BCDF-370AE4777CE9}.Release|Any CPU.Build.0 = Release|Any CPU
		{564EE677-77BA-4921-89B2-F873FAC22C93}.Debug|Any CPU.ActiveCfg = Debug|Any CPU
		{564EE677-77BA-4921-89B2-F873FAC22C93}.Debug|Any CPU.Build.0 = Debug|Any CPU
		{564EE677-77BA-4921-89B2-F873FAC22C93}.Release|Any CPU.ActiveCfg = Release|Any CPU
		{564EE677-77BA-4921-89B2-F873FAC22C93}.Release|Any CPU.Build.0 = Release|Any CPU
		{1B33FC9E-17D9-4104-AEEC-A402D6D5874C}.Debug|Any CPU.ActiveCfg = Debug|Any CPU
		{1B33FC9E-17D9-4104-AEEC-A402D6D5874C}.Debug|Any CPU.Build.0 = Debug|Any CPU
		{1B33FC9E-17D9-4104-AEEC-A402D6D5874C}.Release|Any CPU.ActiveCfg = Release|Any CPU
		{1B33FC9E-17D9-4104-AEEC-A402D6D5874C}.Release|Any CPU.Build.0 = Release|Any CPU
		{81DF0A2B-5051-4D55-92F8-A3FD34B9B13B}.Debug|Any CPU.ActiveCfg = Debug|Any CPU
		{81DF0A2B-5051-4D55-92F8-A3FD34B9B13B}.Debug|Any CPU.Build.0 = Debug|Any CPU
		{81DF0A2B-5051-4D55-92F8-A3FD34B9B13B}.Release|Any CPU.ActiveCfg = Release|Any CPU
		{81DF0A2B-5051-4D55-92F8-A3FD34B9B13B}.Release|Any CPU.Build.0 = Release|Any CPU
		{84383742-614E-4C5B-8E21-7B8531C570D1}.Debug|Any CPU.ActiveCfg = Debug|Any CPU
		{84383742-614E-4C5B-8E21-7B8531C570D1}.Debug|Any CPU.Build.0 = Debug|Any CPU
		{84383742-614E-4C5B-8E21-7B8531C570D1}.Release|Any CPU.ActiveCfg = Release|Any CPU
		{84383742-614E-4C5B-8E21-7B8531C570D1}.Release|Any CPU.Build.0 = Release|Any CPU
		{541A2F75-FBBA-41B1-9617-4DFA4BBC79A5}.Debug|Any CPU.ActiveCfg = Debug|Any CPU
		{541A2F75-FBBA-41B1-9617-4DFA4BBC79A5}.Debug|Any CPU.Build.0 = Debug|Any CPU
		{541A2F75-FBBA-41B1-9617-4DFA4BBC79A5}.Release|Any CPU.ActiveCfg = Release|Any CPU
		{541A2F75-FBBA-41B1-9617-4DFA4BBC79A5}.Release|Any CPU.Build.0 = Release|Any CPU
		{A230040B-BA54-432F-A6B0-EC729CD82AD0}.Debug|Any CPU.ActiveCfg = Debug|Any CPU
		{A230040B-BA54-432F-A6B0-EC729CD82AD0}.Debug|Any CPU.Build.0 = Debug|Any CPU
		{A230040B-BA54-432F-A6B0-EC729CD82AD0}.Release|Any CPU.ActiveCfg = Release|Any CPU
		{A230040B-BA54-432F-A6B0-EC729CD82AD0}.Release|Any CPU.Build.0 = Release|Any CPU
	EndGlobalSection
	GlobalSection(SolutionProperties) = preSolution
		HideSolutionNode = FALSE
	EndGlobalSection
	GlobalSection(NestedProjects) = preSolution
		{8CFCABBC-D131-4E64-B350-E3C4404867AE} = {32DF4157-BB16-473B-9DA7-3DFC4A4F0E3A}
		{2CF985B4-5D94-4405-B946-24E45E0B79DF} = {F72F8AE0-1E03-4458-9879-4A29DD91EC43}
		{C2423C4F-1BEF-411C-BCDF-370AE4777CE9} = {F72F8AE0-1E03-4458-9879-4A29DD91EC43}
		{564EE677-77BA-4921-89B2-F873FAC22C93} = {8D90AA1A-231B-4A30-ABEF-C1D031A7F5A5}
		{1B33FC9E-17D9-4104-AEEC-A402D6D5874C} = {8D90AA1A-231B-4A30-ABEF-C1D031A7F5A5}
	EndGlobalSection
	GlobalSection(ExtensibilityGlobals) = postSolution
		SolutionGuid = {B6C2FF39-F4C3-46F8-9660-AA780ECE358E}
	EndGlobalSection
EndGlobal
